
Microsoft Visual Studio Solution File, Format Version 12.00
# Visual Studio 15
VisualStudioVersion = 15.0.27703.2035
MinimumVisualStudioVersion = 10.0.40219.1
Project("{FAE04EC0-301F-11D3-BF4B-00C04F79EFBC}") = "Yellowstone.Android", "Yellowstone\Yellowstone.Android\Yellowstone.Android.csproj", "{03BE23B7-596C-453A-8DD6-9A1FDB9C1490}"
EndProject
Project("{FAE04EC0-301F-11D3-BF4B-00C04F79EFBC}") = "Yellowstone.iOS", "Yellowstone\Yellowstone.iOS\Yellowstone.iOS.csproj", "{D980558B-DB22-4FFB-9393-F91A614FD3BA}"
EndProject
Project("{FAE04EC0-301F-11D3-BF4B-00C04F79EFBC}") = "Yellowstone", "Yellowstone\Yellowstone\Yellowstone.csproj", "{F629E744-E0D6-43D2-B20A-E6F60BB25098}"
EndProject
Global
	GlobalSection(SolutionConfigurationPlatforms) = preSolution
		Ad-Hoc|Any CPU = Ad-Hoc|Any CPU
		Ad-Hoc|iPhone = Ad-Hoc|iPhone
		Ad-Hoc|iPhoneSimulator = Ad-Hoc|iPhoneSimulator
		AppStore|Any CPU = AppStore|Any CPU
		AppStore|iPhone = AppStore|iPhone
		AppStore|iPhoneSimulator = AppStore|iPhoneSimulator
		Debug|Any CPU = Debug|Any CPU
		Debug|iPhone = Debug|iPhone
		Debug|iPhoneSimulator = Debug|iPhoneSimulator
		Release|Any CPU = Release|Any CPU
		Release|iPhone = Release|iPhone
		Release|iPhoneSimulator = Release|iPhoneSimulator
	EndGlobalSection
	GlobalSection(ProjectConfigurationPlatforms) = postSolution
		{03BE23B7-596C-453A-8DD6-9A1FDB9C1490}.Ad-Hoc|Any CPU.ActiveCfg = Release|Any CPU
		{03BE23B7-596C-453A-8DD6-9A1FDB9C1490}.Ad-Hoc|Any CPU.Build.0 = Release|Any CPU
		{03BE23B7-596C-453A-8DD6-9A1FDB9C1490}.Ad-Hoc|Any CPU.Deploy.0 = Release|Any CPU
		{03BE23B7-596C-453A-8DD6-9A1FDB9C1490}.Ad-Hoc|iPhone.ActiveCfg = Release|Any CPU
		{03BE23B7-596C-453A-8DD6-9A1FDB9C1490}.Ad-Hoc|iPhone.Build.0 = Release|Any CPU
		{03BE23B7-596C-453A-8DD6-9A1FDB9C1490}.Ad-Hoc|iPhone.Deploy.0 = Release|Any CPU
		{03BE23B7-596C-453A-8DD6-9A1FDB9C1490}.Ad-Hoc|iPhoneSimulator.ActiveCfg = Release|Any CPU
		{03BE23B7-596C-453A-8DD6-9A1FDB9C1490}.Ad-Hoc|iPhoneSimulator.Build.0 = Release|Any CPU
		{03BE23B7-596C-453A-8DD6-9A1FDB9C1490}.Ad-Hoc|iPhoneSimulator.Deploy.0 = Release|Any CPU
		{03BE23B7-596C-453A-8DD6-9A1FDB9C1490}.AppStore|Any CPU.ActiveCfg = Release|Any CPU
		{03BE23B7-596C-453A-8DD6-9A1FDB9C1490}.AppStore|Any CPU.Build.0 = Release|Any CPU
		{03BE23B7-596C-453A-8DD6-9A1FDB9C1490}.AppStore|Any CPU.Deploy.0 = Release|Any CPU
		{03BE23B7-596C-453A-8DD6-9A1FDB9C1490}.AppStore|iPhone.ActiveCfg = Release|Any CPU
		{03BE23B7-596C-453A-8DD6-9A1FDB9C1490}.AppStore|iPhone.Build.0 = Release|Any CPU
		{03BE23B7-596C-453A-8DD6-9A1FDB9C1490}.AppStore|iPhone.Deploy.0 = Release|Any CPU
		{03BE23B7-596C-453A-8DD6-9A1FDB9C1490}.AppStore|iPhoneSimulator.ActiveCfg = Release|Any CPU
		{03BE23B7-596C-453A-8DD6-9A1FDB9C1490}.AppStore|iPhoneSimulator.Build.0 = Release|Any CPU
		{03BE23B7-596C-453A-8DD6-9A1FDB9C1490}.AppStore|iPhoneSimulator.Deploy.0 = Release|Any CPU
		{03BE23B7-596C-453A-8DD6-9A1FDB9C1490}.Debug|Any CPU.ActiveCfg = Debug|Any CPU
		{03BE23B7-596C-453A-8DD6-9A1FDB9C1490}.Debug|Any CPU.Build.0 = Debug|Any CPU
		{03BE23B7-596C-453A-8DD6-9A1FDB9C1490}.Debug|Any CPU.Deploy.0 = Debug|Any CPU
		{03BE23B7-596C-453A-8DD6-9A1FDB9C1490}.Debug|iPhone.ActiveCfg = Debug|Any CPU
		{03BE23B7-596C-453A-8DD6-9A1FDB9C1490}.Debug|iPhone.Build.0 = Debug|Any CPU
		{03BE23B7-596C-453A-8DD6-9A1FDB9C1490}.Debug|iPhone.Deploy.0 = Debug|Any CPU
		{03BE23B7-596C-453A-8DD6-9A1FDB9C1490}.Debug|iPhoneSimulator.ActiveCfg = Debug|Any CPU
		{03BE23B7-596C-453A-8DD6-9A1FDB9C1490}.Debug|iPhoneSimulator.Build.0 = Debug|Any CPU
		{03BE23B7-596C-453A-8DD6-9A1FDB9C1490}.Debug|iPhoneSimulator.Deploy.0 = Debug|Any CPU
		{03BE23B7-596C-453A-8DD6-9A1FDB9C1490}.Release|Any CPU.ActiveCfg = Release|Any CPU
		{03BE23B7-596C-453A-8DD6-9A1FDB9C1490}.Release|Any CPU.Build.0 = Release|Any CPU
		{03BE23B7-596C-453A-8DD6-9A1FDB9C1490}.Release|Any CPU.Deploy.0 = Release|Any CPU
		{03BE23B7-596C-453A-8DD6-9A1FDB9C1490}.Release|iPhone.ActiveCfg = Release|Any CPU
		{03BE23B7-596C-453A-8DD6-9A1FDB9C1490}.Release|iPhone.Build.0 = Release|Any CPU
		{03BE23B7-596C-453A-8DD6-9A1FDB9C1490}.Release|iPhone.Deploy.0 = Release|Any CPU
		{03BE23B7-596C-453A-8DD6-9A1FDB9C1490}.Release|iPhoneSimulator.ActiveCfg = Release|Any CPU
		{03BE23B7-596C-453A-8DD6-9A1FDB9C1490}.Release|iPhoneSimulator.Build.0 = Release|Any CPU
		{03BE23B7-596C-453A-8DD6-9A1FDB9C1490}.Release|iPhoneSimulator.Deploy.0 = Release|Any CPU
		{D980558B-DB22-4FFB-9393-F91A614FD3BA}.Ad-Hoc|Any CPU.ActiveCfg = Ad-Hoc|iPhone
		{D980558B-DB22-4FFB-9393-F91A614FD3BA}.Ad-Hoc|Any CPU.Build.0 = Ad-Hoc|iPhone
		{D980558B-DB22-4FFB-9393-F91A614FD3BA}.Ad-Hoc|Any CPU.Deploy.0 = Ad-Hoc|iPhone
		{D980558B-DB22-4FFB-9393-F91A614FD3BA}.Ad-Hoc|iPhone.ActiveCfg = Ad-Hoc|iPhone
		{D980558B-DB22-4FFB-9393-F91A614FD3BA}.Ad-Hoc|iPhone.Build.0 = Ad-Hoc|iPhone
		{D980558B-DB22-4FFB-9393-F91A614FD3BA}.Ad-Hoc|iPhone.Deploy.0 = Ad-Hoc|iPhone
		{D980558B-DB22-4FFB-9393-F91A614FD3BA}.Ad-Hoc|iPhoneSimulator.ActiveCfg = Ad-Hoc|iPhoneSimulator
		{D980558B-DB22-4FFB-9393-F91A614FD3BA}.Ad-Hoc|iPhoneSimulator.Build.0 = Ad-Hoc|iPhoneSimulator
		{D980558B-DB22-4FFB-9393-F91A614FD3BA}.Ad-Hoc|iPhoneSimulator.Deploy.0 = Ad-Hoc|iPhoneSimulator
		{D980558B-DB22-4FFB-9393-F91A614FD3BA}.AppStore|Any CPU.ActiveCfg = AppStore|iPhone
		{D980558B-DB22-4FFB-9393-F91A614FD3BA}.AppStore|Any CPU.Build.0 = AppStore|iPhone
		{D980558B-DB22-4FFB-9393-F91A614FD3BA}.AppStore|Any CPU.Deploy.0 = AppStore|iPhone
		{D980558B-DB22-4FFB-9393-F91A614FD3BA}.AppStore|iPhone.ActiveCfg = AppStore|iPhone
		{D980558B-DB22-4FFB-9393-F91A614FD3BA}.AppStore|iPhone.Build.0 = AppStore|iPhone
		{D980558B-DB22-4FFB-9393-F91A614FD3BA}.AppStore|iPhone.Deploy.0 = AppStore|iPhone
		{D980558B-DB22-4FFB-9393-F91A614FD3BA}.AppStore|iPhoneSimulator.ActiveCfg = AppStore|iPhoneSimulator
		{D980558B-DB22-4FFB-9393-F91A614FD3BA}.AppStore|iPhoneSimulator.Build.0 = AppStore|iPhoneSimulator
		{D980558B-DB22-4FFB-9393-F91A614FD3BA}.AppStore|iPhoneSimulator.Deploy.0 = AppStore|iPhoneSimulator
		{D980558B-DB22-4FFB-9393-F91A614FD3BA}.Debug|Any CPU.ActiveCfg = Debug|iPhoneSimulator
		{D980558B-DB22-4FFB-9393-F91A614FD3BA}.Debug|Any CPU.Build.0 = Debug|iPhoneSimulator
		{D980558B-DB22-4FFB-9393-F91A614FD3BA}.Debug|Any CPU.Deploy.0 = Debug|iPhoneSimulator
		{D980558B-DB22-4FFB-9393-F91A614FD3BA}.Debug|iPhone.ActiveCfg = Debug|iPhone
		{D980558B-DB22-4FFB-9393-F91A614FD3BA}.Debug|iPhone.Build.0 = Debug|iPhone
		{D980558B-DB22-4FFB-9393-F91A614FD3BA}.Debug|iPhone.Deploy.0 = Debug|iPhone
		{D980558B-DB22-4FFB-9393-F91A614FD3BA}.Debug|iPhoneSimulator.ActiveCfg = Debug|iPhoneSimulator
		{D980558B-DB22-4FFB-9393-F91A614FD3BA}.Debug|iPhoneSimulator.Build.0 = Debug|iPhoneSimulator
		{D980558B-DB22-4FFB-9393-F91A614FD3BA}.Debug|iPhoneSimulator.Deploy.0 = Debug|iPhoneSimulator
		{D980558B-DB22-4FFB-9393-F91A614FD3BA}.Release|Any CPU.ActiveCfg = Release|iPhone
		{D980558B-DB22-4FFB-9393-F91A614FD3BA}.Release|Any CPU.Build.0 = Release|iPhone
		{D980558B-DB22-4FFB-9393-F91A614FD3BA}.Release|Any CPU.Deploy.0 = Release|iPhone
		{D980558B-DB22-4FFB-9393-F91A614FD3BA}.Release|iPhone.ActiveCfg = Release|iPhone
		{D980558B-DB22-4FFB-9393-F91A614FD3BA}.Release|iPhone.Build.0 = Release|iPhone
		{D980558B-DB22-4FFB-9393-F91A614FD3BA}.Release|iPhone.Deploy.0 = Release|iPhone
		{D980558B-DB22-4FFB-9393-F91A614FD3BA}.Release|iPhoneSimulator.ActiveCfg = Release|iPhoneSimulator
		{D980558B-DB22-4FFB-9393-F91A614FD3BA}.Release|iPhoneSimulator.Build.0 = Release|iPhoneSimulator
		{D980558B-DB22-4FFB-9393-F91A614FD3BA}.Release|iPhoneSimulator.Deploy.0 = Release|iPhoneSimulator
		{F629E744-E0D6-43D2-B20A-E6F60BB25098}.Ad-Hoc|Any CPU.ActiveCfg = Debug|Any CPU
		{F629E744-E0D6-43D2-B20A-E6F60BB25098}.Ad-Hoc|Any CPU.Build.0 = Debug|Any CPU
		{F629E744-E0D6-43D2-B20A-E6F60BB25098}.Ad-Hoc|Any CPU.Deploy.0 = Debug|Any CPU
		{F629E744-E0D6-43D2-B20A-E6F60BB25098}.Ad-Hoc|iPhone.ActiveCfg = Debug|Any CPU
		{F629E744-E0D6-43D2-B20A-E6F60BB25098}.Ad-Hoc|iPhone.Build.0 = Debug|Any CPU
		{F629E744-E0D6-43D2-B20A-E6F60BB25098}.Ad-Hoc|iPhone.Deploy.0 = Debug|Any CPU
		{F629E744-E0D6-43D2-B20A-E6F60BB25098}.Ad-Hoc|iPhoneSimulator.ActiveCfg = Debug|Any CPU
		{F629E744-E0D6-43D2-B20A-E6F60BB25098}.Ad-Hoc|iPhoneSimulator.Build.0 = Debug|Any CPU
		{F629E744-E0D6-43D2-B20A-E6F60BB25098}.Ad-Hoc|iPhoneSimulator.Deploy.0 = Debug|Any CPU
		{F629E744-E0D6-43D2-B20A-E6F60BB25098}.AppStore|Any CPU.ActiveCfg = Debug|Any CPU
		{F629E744-E0D6-43D2-B20A-E6F60BB25098}.AppStore|Any CPU.Build.0 = Debug|Any CPU
		{F629E744-E0D6-43D2-B20A-E6F60BB25098}.AppStore|Any CPU.Deploy.0 = Debug|Any CPU
		{F629E744-E0D6-43D2-B20A-E6F60BB25098}.AppStore|iPhone.ActiveCfg = Debug|Any CPU
		{F629E744-E0D6-43D2-B20A-E6F60BB25098}.AppStore|iPhone.Build.0 = Debug|Any CPU
		{F629E744-E0D6-43D2-B20A-E6F60BB25098}.AppStore|iPhone.Deploy.0 = Debug|Any CPU
		{F629E744-E0D6-43D2-B20A-E6F60BB25098}.AppStore|iPhoneSimulator.ActiveCfg = Debug|Any CPU
		{F629E744-E0D6-43D2-B20A-E6F60BB25098}.AppStore|iPhoneSimulator.Build.0 = Debug|Any CPU
		{F629E744-E0D6-43D2-B20A-E6F60BB25098}.AppStore|iPhoneSimulator.Deploy.0 = Debug|Any CPU
		{F629E744-E0D6-43D2-B20A-E6F60BB25098}.Debug|Any CPU.ActiveCfg = Debug|Any CPU
		{F629E744-E0D6-43D2-B20A-E6F60BB25098}.Debug|Any CPU.Build.0 = Debug|Any CPU
		{F629E744-E0D6-43D2-B20A-E6F60BB25098}.Debug|Any CPU.Deploy.0 = Debug|Any CPU
		{F629E744-E0D6-43D2-B20A-E6F60BB25098}.Debug|iPhone.ActiveCfg = Debug|Any CPU
		{F629E744-E0D6-43D2-B20A-E6F60BB25098}.Debug|iPhone.Build.0 = Debug|Any CPU
		{F629E744-E0D6-43D2-B20A-E6F60BB25098}.Debug|iPhone.Deploy.0 = Debug|Any CPU
		{F629E744-E0D6-43D2-B20A-E6F60BB25098}.Debug|iPhoneSimulator.ActiveCfg = Debug|Any CPU
		{F629E744-E0D6-43D2-B20A-E6F60BB25098}.Debug|iPhoneSimulator.Build.0 = Debug|Any CPU
		{F629E744-E0D6-43D2-B20A-E6F60BB25098}.Debug|iPhoneSimulator.Deploy.0 = Debug|Any CPU
		{F629E744-E0D6-43D2-B20A-E6F60BB25098}.Release|Any CPU.ActiveCfg = Release|Any CPU
		{F629E744-E0D6-43D2-B20A-E6F60BB25098}.Release|Any CPU.Build.0 = Release|Any CPU
		{F629E744-E0D6-43D2-B20A-E6F60BB25098}.Release|Any CPU.Deploy.0 = Release|Any CPU
		{F629E744-E0D6-43D2-B20A-E6F60BB25098}.Release|iPhone.ActiveCfg = Release|Any CPU
		{F629E744-E0D6-43D2-B20A-E6F60BB25098}.Release|iPhone.Build.0 = Release|Any CPU
		{F629E744-E0D6-43D2-B20A-E6F60BB25098}.Release|iPhone.Deploy.0 = Release|Any CPU
		{F629E744-E0D6-43D2-B20A-E6F60BB25098}.Release|iPhoneSimulator.ActiveCfg = Release|Any CPU
		{F629E744-E0D6-43D2-B20A-E6F60BB25098}.Release|iPhoneSimulator.Build.0 = Release|Any CPU
		{F629E744-E0D6-43D2-B20A-E6F60BB25098}.Release|iPhoneSimulator.Deploy.0 = Release|Any CPU
	EndGlobalSection
	GlobalSection(SolutionProperties) = preSolution
		HideSolutionNode = FALSE
	EndGlobalSection
	GlobalSection(ExtensibilityGlobals) = postSolution
		SolutionGuid = {8897139A-6EB9-432A-B98D-E12EA71CF6BC}
	EndGlobalSection
EndGlobal
